// !$*UTF8*$!
{
	archiveVersion = 1;
	classes = {
	};
	objectVersion = 50;
	objects = {

/* Begin PBXBuildFile section */
		680F9FCD23A27EC5003996BA /* AppDelegate.swift in Sources */ = {isa = PBXBuildFile; fileRef = 680F9FCC23A27EC5003996BA /* AppDelegate.swift */; };
		680F9FCF23A27EC5003996BA /* SceneDelegate.swift in Sources */ = {isa = PBXBuildFile; fileRef = 680F9FCE23A27EC5003996BA /* SceneDelegate.swift */; };
		680F9FD123A27EC5003996BA /* ViewController.swift in Sources */ = {isa = PBXBuildFile; fileRef = 680F9FD023A27EC5003996BA /* ViewController.swift */; };
		680F9FD423A27EC5003996BA /* Main.storyboard in Resources */ = {isa = PBXBuildFile; fileRef = 680F9FD223A27EC5003996BA /* Main.storyboard */; };
		680F9FD623A27EC8003996BA /* Assets.xcassets in Resources */ = {isa = PBXBuildFile; fileRef = 680F9FD523A27EC8003996BA /* Assets.xcassets */; };
		680F9FD923A27EC8003996BA /* LaunchScreen.storyboard in Resources */ = {isa = PBXBuildFile; fileRef = 680F9FD723A27EC8003996BA /* LaunchScreen.storyboard */; };
		680F9FE123A28B7F003996BA /* ListenerViewController.swift in Sources */ = {isa = PBXBuildFile; fileRef = 680F9FE023A28B7F003996BA /* ListenerViewController.swift */; };
/* End PBXBuildFile section */

/* Begin PBXFileReference section */
		680F9FC923A27EC5003996BA /* LabourApp.app */ = {isa = PBXFileReference; explicitFileType = wrapper.application; includeInIndex = 0; path = LabourApp.app; sourceTree = BUILT_PRODUCTS_DIR; };
		680F9FCC23A27EC5003996BA /* AppDelegate.swift */ = {isa = PBXFileReference; lastKnownFileType = sourcecode.swift; path = AppDelegate.swift; sourceTree = "<group>"; };
		680F9FCE23A27EC5003996BA /* SceneDelegate.swift */ = {isa = PBXFileReference; lastKnownFileType = sourcecode.swift; path = SceneDelegate.swift; sourceTree = "<group>"; };
		680F9FD023A27EC5003996BA /* ViewController.swift */ = {isa = PBXFileReference; lastKnownFileType = sourcecode.swift; path = ViewController.swift; sourceTree = "<group>"; };
		680F9FD323A27EC5003996BA /* Base */ = {isa = PBXFileReference; lastKnownFileType = file.storyboard; name = Base; path = Base.lproj/Main.storyboard; sourceTree = "<group>"; };
		680F9FD523A27EC8003996BA /* Assets.xcassets */ = {isa = PBXFileReference; lastKnownFileType = folder.assetcatalog; path = Assets.xcassets; sourceTree = "<group>"; };
		680F9FD823A27EC8003996BA /* Base */ = {isa = PBXFileReference; lastKnownFileType = file.storyboard; name = Base; path = Base.lproj/LaunchScreen.storyboard; sourceTree = "<group>"; };
		680F9FDA23A27EC8003996BA /* Info.plist */ = {isa = PBXFileReference; lastKnownFileType = text.plist.xml; path = Info.plist; sourceTree = "<group>"; };
		680F9FE023A28B7F003996BA /* ListenerViewController.swift */ = {isa = PBXFileReference; lastKnownFileType = sourcecode.swift; path = ListenerViewController.swift; sourceTree = "<group>"; };
/* End PBXFileReference section */

/* Begin PBXFrameworksBuildPhase section */
		680F9FC623A27EC5003996BA /* Frameworks */ = {
			isa = PBXFrameworksBuildPhase;
			buildActionMask = 2147483647;
			files = (
			);
			runOnlyForDeploymentPostprocessing = 0;
		};
/* End PBXFrameworksBuildPhase section */

/* Begin PBXGroup section */
		680F9FC023A27EC5003996BA = {
			isa = PBXGroup;
			children = (
				680F9FCB23A27EC5003996BA /* LabourApp */,
				680F9FCA23A27EC5003996BA /* Products */,
			);
			sourceTree = "<group>";
		};
		680F9FCA23A27EC5003996BA /* Products */ = {
			isa = PBXGroup;
			children = (
				680F9FC923A27EC5003996BA /* LabourApp.app */,
			);
			name = Products;
			sourceTree = "<group>";
		};
		680F9FCB23A27EC5003996BA /* LabourApp */ = {
			isa = PBXGroup;
			children = (
				680F9FCC23A27EC5003996BA /* AppDelegate.swift */,
				680F9FCE23A27EC5003996BA /* SceneDelegate.swift */,
				680F9FD023A27EC5003996BA /* ViewController.swift */,
				680F9FE023A28B7F003996BA /* ListenerViewController.swift */,
				680F9FD223A27EC5003996BA /* Main.storyboard */,
				680F9FD523A27EC8003996BA /* Assets.xcassets */,
				680F9FD723A27EC8003996BA /* LaunchScreen.storyboard */,
				680F9FDA23A27EC8003996BA /* Info.plist */,
			);
			path = LabourApp;
			sourceTree = "<group>";
		};
/* End PBXGroup section */

/* Begin PBXNativeTarget section */
		680F9FC823A27EC5003996BA /* LabourApp */ = {
			isa = PBXNativeTarget;
			buildConfigurationList = 680F9FDD23A27EC8003996BA /* Build configuration list for PBXNativeTarget "LabourApp" */;
			buildPhases = (
				680F9FC523A27EC5003996BA /* Sources */,
				680F9FC623A27EC5003996BA /* Frameworks */,
				680F9FC723A27EC5003996BA /* Resources */,
			);
			buildRules = (
			);
			dependencies = (
			);
			name = LabourApp;
			productName = LabourApp;
			productReference = 680F9FC923A27EC5003996BA /* LabourApp.app */;
			productType = "com.apple.product-type.application";
		};
/* End PBXNativeTarget section */

/* Begin PBXProject section */
		680F9FC123A27EC5003996BA /* Project object */ = {
			isa = PBXProject;
			attributes = {
				LastSwiftUpdateCheck = 1110;
				LastUpgradeCheck = 1110;
				ORGANIZATIONNAME = "Umair Afzal";
				TargetAttributes = {
					680F9FC823A27EC5003996BA = {
						CreatedOnToolsVersion = 11.1;
					};
				};
			};
			buildConfigurationList = 680F9FC423A27EC5003996BA /* Build configuration list for PBXProject "LabourApp" */;
			compatibilityVersion = "Xcode 9.3";
			developmentRegion = en;
			hasScannedForEncodings = 0;
			knownRegions = (
				en,
				Base,
			);
			mainGroup = 680F9FC023A27EC5003996BA;
			productRefGroup = 680F9FCA23A27EC5003996BA /* Products */;
			projectDirPath = "";
			projectRoot = "";
			targets = (
				680F9FC823A27EC5003996BA /* LabourApp */,
			);
		};
/* End PBXProject section */

/* Begin PBXResourcesBuildPhase section */
		680F9FC723A27EC5003996BA /* Resources */ = {
			isa = PBXResourcesBuildPhase;
			buildActionMask = 2147483647;
			files = (
				680F9FD923A27EC8003996BA /* LaunchScreen.storyboard in Resources */,
				680F9FD623A27EC8003996BA /* Assets.xcassets in Resources */,
				680F9FD423A27EC5003996BA /* Main.storyboard in Resources */,
			);
			runOnlyForDeploymentPostprocessing = 0;
		};
/* End PBXResourcesBuildPhase section */

/* Begin PBXSourcesBuildPhase section */
		680F9FC523A27EC5003996BA /* Sources */ = {
			isa = PBXSourcesBuildPhase;
			buildActionMask = 2147483647;
			files = (
				680F9FE123A28B7F003996BA /* ListenerViewController.swift in Sources */,
				680F9FD123A27EC5003996BA /* ViewController.swift in Sources */,
				680F9FCD23A27EC5003996BA /* AppDelegate.swift in Sources */,
				680F9FCF23A27EC5003996BA /* SceneDelegate.swift in Sources */,
			);
			runOnlyForDeploymentPostprocessing = 0;
		};
/* End PBXSourcesBuildPhase section */

/* Begin PBXVariantGroup section */
		680F9FD223A27EC5003996BA /* Main.storyboard */ = {
			isa = PBXVariantGroup;
			children = (
				680F9FD323A27EC5003996BA /* Base */,
			);
			name = Main.storyboard;
			sourceTree = "<group>";
		};
		680F9FD723A27EC8003996BA /* LaunchScreen.storyboard */ = {
			isa = PBXVariantGroup;
			children = (
				680F9FD823A27EC8003996BA /* Base */,
			);
			name = LaunchScreen.storyboard;
			sourceTree = "<group>";
		};
/* End PBXVariantGroup section */

/* Begin XCBuildConfiguration section */
		680F9FDB23A27EC8003996BA /* Debug */ = {
			isa = XCBuildConfiguration;
			buildSettings = {
				ALWAYS_SEARCH_USER_PATHS = NO;
				CLANG_ANALYZER_NONNULL = YES;
				CLANG_ANALYZER_NUMBER_OBJECT_CONVERSION = YES_AGGRESSIVE;
				CLANG_CXX_LANGUAGE_STANDARD = "gnu++14";
				CLANG_CXX_LIBRARY = "libc++";
				CLANG_ENABLE_MODULES = YES;
				CLANG_ENABLE_OBJC_ARC = YES;
				CLANG_ENABLE_OBJC_WEAK = YES;
				CLANG_WARN_BLOCK_CAPTURE_AUTORELEASING = YES;
				CLANG_WARN_BOOL_CONVERSION = YES;
				CLANG_WARN_COMMA = YES;
				CLANG_WARN_CONSTANT_CONVERSION = YES;
				CLANG_WARN_DEPRECATED_OBJC_IMPLEMENTATIONS = YES;
				CLANG_WARN_DIRECT_OBJC_ISA_USAGE = YES_ERROR;
				CLANG_WARN_DOCUMENTATION_COMMENTS = YES;
				CLANG_WARN_EMPTY_BODY = YES;
				CLANG_WARN_ENUM_CONVERSION = YES;
				CLANG_WARN_INFINITE_RECURSION = YES;
				CLANG_WARN_INT_CONVERSION = YES;
				CLANG_WARN_NON_LITERAL_NULL_CONVERSION = YES;
				CLANG_WARN_OBJC_IMPLICIT_RETAIN_SELF = YES;
				CLANG_WARN_OBJC_LITERAL_CONVERSION = YES;
				CLANG_WARN_OBJC_ROOT_CLASS = YES_ERROR;
				CLANG_WARN_RANGE_LOOP_ANALYSIS = YES;
				CLANG_WARN_STRICT_PROTOTYPES = YES;
				CLANG_WARN_SUSPICIOUS_MOVE = YES;
				CLANG_WARN_UNGUARDED_AVAILABILITY = YES_AGGRESSIVE;
				CLANG_WARN_UNREACHABLE_CODE = YES;
				CLANG_WARN__DUPLICATE_METHOD_MATCH = YES;
				COPY_PHASE_STRIP = NO;
				DEBUG_INFORMATION_FORMAT = dwarf;
				ENABLE_STRICT_OBJC_MSGSEND = YES;
				ENABLE_TESTABILITY = YES;
				GCC_C_LANGUAGE_STANDARD = gnu11;
				GCC_DYNAMIC_NO_PIC = NO;
				GCC_NO_COMMON_BLOCKS = YES;
				GCC_OPTIMIZATION_LEVEL = 0;
				GCC_PREPROCESSOR_DEFINITIONS = (
					"DEBUG=1",
					"$(inherited)",
				);
				GCC_WARN_64_TO_32_BIT_CONVERSION = YES;
				GCC_WARN_ABOUT_RETURN_TYPE = YES_ERROR;
				GCC_WARN_UNDECLARED_SELECTOR = YES;
				GCC_WARN_UNINITIALIZED_AUTOS = YES_AGGRESSIVE;
				GCC_WARN_UNUSED_FUNCTION = YES;
				GCC_WARN_UNUSED_VARIABLE = YES;
				IPHONEOS_DEPLOYMENT_TARGET = 13.1;
				MTL_ENABLE_DEBUG_INFO = INCLUDE_SOURCE;
				MTL_FAST_MATH = YES;
				ONLY_ACTIVE_ARCH = YES;
				SDKROOT = iphoneos;
				SWIFT_ACTIVE_COMPILATION_CONDITIONS = DEBUG;
				SWIFT_OPTIMIZATION_LEVEL = "-Onone";
			};
			name = Debug;
		};
		680F9FDC23A27EC8003996BA /* Release */ = {
			isa = XCBuildConfiguration;
			buildSettings = {
				ALWAYS_SEARCH_USER_PATHS = NO;
				CLANG_ANALYZER_NONNULL = YES;
				CLANG_ANALYZER_NUMBER_OBJECT_CONVERSION = YES_AGGRESSIVE;
				CLANG_CXX_LANGUAGE_STANDARD = "gnu++14";
				CLANG_CXX_LIBRARY = "libc++";
				CLANG_ENABLE_MODULES = YES;
				CLANG_ENABLE_OBJC_ARC = YES;
				CLANG_ENABLE_OBJC_WEAK = YES;
				CLANG_WARN_BLOCK_CAPTURE_AUTORELEASING = YES;
				CLANG_WARN_BOOL_CONVERSION = YES;
				CLANG_WARN_COMMA = YES;
				CLANG_WARN_CONSTANT_CONVERSION = YES;
				CLANG_WARN_DEPRECATED_OBJC_IMPLEMENTATIONS = YES;
				CLANG_WARN_DIRECT_OBJC_ISA_USAGE = YES_ERROR;
				CLANG_WARN_DOCUMENTATION_COMMENTS = YES;
				CLANG_WARN_EMPTY_BODY = YES;
				CLANG_WARN_ENUM_CONVERSION = YES;
				CLANG_WARN_INFINITE_RECURSION = YES;
				CLANG_WARN_INT_CONVERSION = YES;
				CLANG_WARN_NON_LITERAL_NULL_CONVERSION = YES;
				CLANG_WARN_OBJC_IMPLICIT_RETAIN_SELF = YES;
				CLANG_WARN_OBJC_LITERAL_CONVERSION = YES;
				CLANG_WARN_OBJC_ROOT_CLASS = YES_ERROR;
				CLANG_WARN_RANGE_LOOP_ANALYSIS = YES;
				CLANG_WARN_STRICT_PROTOTYPES = YES;
				CLANG_WARN_SUSPICIOUS_MOVE = YES;
				CLANG_WARN_UNGUARDED_AVAILABILITY = YES_AGGRESSIVE;
				CLANG_WARN_UNREACHABLE_CODE = YES;
				CLANG_WARN__DUPLICATE_METHOD_MATCH = YES;
				COPY_PHASE_STRIP = NO;
				DEBUG_INFORMATION_FORMAT = "dwarf-with-dsym";
				ENABLE_NS_ASSERTIONS = NO;
				ENABLE_STRICT_OBJC_MSGSEND = YES;
				GCC_C_LANGUAGE_STANDARD = gnu11;
				GCC_NO_COMMON_BLOCKS = YES;
				GCC_WARN_64_TO_32_BIT_CONVERSION = YES;
				GCC_WARN_ABOUT_RETURN_TYPE = YES_ERROR;
				GCC_WARN_UNDECLARED_SELECTOR = YES;
				GCC_WARN_UNINITIALIZED_AUTOS = YES_AGGRESSIVE;
				GCC_WARN_UNUSED_FUNCTION = YES;
				GCC_WARN_UNUSED_VARIABLE = YES;
				IPHONEOS_DEPLOYMENT_TARGET = 13.1;
				MTL_ENABLE_DEBUG_INFO = NO;
				MTL_FAST_MATH = YES;
				SDKROOT = iphoneos;
				SWIFT_COMPILATION_MODE = wholemodule;
				SWIFT_OPTIMIZATION_LEVEL = "-O";
				VALIDATE_PRODUCT = YES;
			};
			name = Release;
		};
		680F9FDE23A27EC8003996BA /* Debug */ = {
			isa = XCBuildConfiguration;
			buildSettings = {
				ASSETCATALOG_COMPILER_APPICON_NAME = AppIcon;
				CODE_SIGN_STYLE = Automatic;
				DEVELOPMENT_TEAM = Z78BNUN8G3;
				INFOPLIST_FILE = LabourApp/Info.plist;
				IPHONEOS_DEPLOYMENT_TARGET = 11.0;
				LD_RUNPATH_SEARCH_PATHS = (
					"$(inherited)",
					"@executable_path/Frameworks",
				);
				PRODUCT_BUNDLE_IDENTIFIER = com.UmairAfzal.LabourApp;
				PRODUCT_NAME = "$(TARGET_NAME)";
				SWIFT_VERSION = 5.0;
				TARGETED_DEVICE_FAMILY = "1,2";
			};
			name = Debug;
		};
		680F9FDF23A27EC8003996BA /* Release */ = {
			isa = XCBuildConfiguration;
			buildSettings = {
				ASSETCATALOG_COMPILER_APPICON_NAME = AppIcon;
				CODE_SIGN_STYLE = Automatic;
				DEVELOPMENT_TEAM = Z78BNUN8G3;
				INFOPLIST_FILE = LabourApp/Info.plist;
				IPHONEOS_DEPLOYMENT_TARGET = 11.0;
				LD_RUNPATH_SEARCH_PATHS = (
					"$(inherited)",
					"@executable_path/Frameworks",
				);
				PRODUCT_BUNDLE_IDENTIFIER = com.UmairAfzal.LabourApp;
				PRODUCT_NAME = "$(TARGET_NAME)";
				SWIFT_VERSION = 5.0;
				TARGETED_DEVICE_FAMILY = "1,2";
			};
			name = Release;
		};
/* End XCBuildConfiguration section */

/* Begin XCConfigurationList section */
		680F9FC423A27EC5003996BA /* Build configuration list for PBXProject "LabourApp" */ = {
			isa = XCConfigurationList;
			buildConfigurations = (
				680F9FDB23A27EC8003996BA /* Debug */,
				680F9FDC23A27EC8003996BA /* Release */,
			);
			defaultConfigurationIsVisible = 0;
			defaultConfigurationName = Release;
		};
		680F9FDD23A27EC8003996BA /* Build configuration list for PBXNativeTarget "LabourApp" */ = {
			isa = XCConfigurationList;
			buildConfigurations = (
				680F9FDE23A27EC8003996BA /* Debug */,
				680F9FDF23A27EC8003996BA /* Release */,
			);
			defaultConfigurationIsVisible = 0;
			defaultConfigurationName = Release;
		};
/* End XCConfigurationList section */
	};
	rootObject = 680F9FC123A27EC5003996BA /* Project object */;
}
